
Microsoft Visual Studio Solution File, Format Version 12.00
# Visual Studio 14
VisualStudioVersion = 14.0.25420.1
MinimumVisualStudioVersion = 10.0.40219.1
Project("{FAE04EC0-301F-11D3-BF4B-00C04F79EFBC}") = "ModernServer", "ModernServer\ModernServer.csproj", "{ED040C2A-BF81-4149-A7F8-E386BDB16A6B}"
EndProject
Project("{FAE04EC0-301F-11D3-BF4B-00C04F79EFBC}") = "CommonLib", "CommonLib\CommonLib.csproj", "{44289A73-77FE-4B2A-B15E-E38FA29C533F}"
EndProject
Project("{FAE04EC0-301F-11D3-BF4B-00C04F79EFBC}") = "DBDriver", "DBAccess\DBDriver.csproj", "{7FF122EA-31B0-400C-AD44-B16540511B57}"
EndProject
Project("{FAE04EC0-301F-11D3-BF4B-00C04F79EFBC}") = "Calculator", "Calculator\Calculator.csproj", "{7AAEF14F-E877-4685-A298-B71E24E0E3D5}"
EndProject
Project("{2150E333-8FDC-42A3-9474-1A3956D46DE8}") = "Server", "Server", "{B5481974-A453-434A-B055-DA1A0A159563}"
EndProject
Project("{2150E333-8FDC-42A3-9474-1A3956D46DE8}") = "Client", "Client", "{0F88B353-A1FC-4310-B3C0-1F9C91AD88CD}"
EndProject
Project("{FAE04EC0-301F-11D3-BF4B-00C04F79EFBC}") = "ModernClient", "ModernClient\ModernClient.csproj", "{205B0BEB-482C-4097-AFDD-22A0C3D003BA}"
EndProject
Project("{FAE04EC0-301F-11D3-BF4B-00C04F79EFBC}") = "ModernClient.Web", "ModernClient.Web\ModernClient.Web.csproj", "{AC149F2A-2428-4FEE-BA9D-31F054A704FF}"
EndProject
Project("{FAE04EC0-301F-11D3-BF4B-00C04F79EFBC}") = "ServerTests", "ServerTests\ServerTests\ServerTests.csproj", "{F63E1481-505B-48FA-BAF6-18B7851E61D2}"
EndProject
Project("{FAE04EC0-301F-11D3-BF4B-00C04F79EFBC}") = "DBInstrumentEditor", "DBInstrumentEditor\DBInstrumentEditor.csproj", "{64399311-DC7A-4388-A776-6071A13BCCA4}"
EndProject
Project("{2150E333-8FDC-42A3-9474-1A3956D46DE8}") = "Utils", "Utils", "{B9466E26-A334-45AE-866A-368E5F49D268}"
EndProject
Global
	GlobalSection(SolutionConfigurationPlatforms) = preSolution
		Debug|Any CPU = Debug|Any CPU
		Release|Any CPU = Release|Any CPU
	EndGlobalSection
	GlobalSection(ProjectConfigurationPlatforms) = postSolution
		{ED040C2A-BF81-4149-A7F8-E386BDB16A6B}.Debug|Any CPU.ActiveCfg = Debug|Any CPU
		{ED040C2A-BF81-4149-A7F8-E386BDB16A6B}.Debug|Any CPU.Build.0 = Debug|Any CPU
		{ED040C2A-BF81-4149-A7F8-E386BDB16A6B}.Release|Any CPU.ActiveCfg = Release|Any CPU
		{ED040C2A-BF81-4149-A7F8-E386BDB16A6B}.Release|Any CPU.Build.0 = Release|Any CPU
		{44289A73-77FE-4B2A-B15E-E38FA29C533F}.Debug|Any CPU.ActiveCfg = Debug|Any CPU
		{44289A73-77FE-4B2A-B15E-E38FA29C533F}.Debug|Any CPU.Build.0 = Debug|Any CPU
		{44289A73-77FE-4B2A-B15E-E38FA29C533F}.Release|Any CPU.ActiveCfg = Release|Any CPU
		{44289A73-77FE-4B2A-B15E-E38FA29C533F}.Release|Any CPU.Build.0 = Release|Any CPU
		{7FF122EA-31B0-400C-AD44-B16540511B57}.Debug|Any CPU.ActiveCfg = Debug|Any CPU
		{7FF122EA-31B0-400C-AD44-B16540511B57}.Debug|Any CPU.Build.0 = Debug|Any CPU
		{7FF122EA-31B0-400C-AD44-B16540511B57}.Release|Any CPU.ActiveCfg = Release|Any CPU
		{7FF122EA-31B0-400C-AD44-B16540511B57}.Release|Any CPU.Build.0 = Release|Any CPU
		{7AAEF14F-E877-4685-A298-B71E24E0E3D5}.Debug|Any CPU.ActiveCfg = Debug|Any CPU
		{7AAEF14F-E877-4685-A298-B71E24E0E3D5}.Debug|Any CPU.Build.0 = Debug|Any CPU
		{7AAEF14F-E877-4685-A298-B71E24E0E3D5}.Release|Any CPU.ActiveCfg = Release|Any CPU
		{7AAEF14F-E877-4685-A298-B71E24E0E3D5}.Release|Any CPU.Build.0 = Release|Any CPU
		{205B0BEB-482C-4097-AFDD-22A0C3D003BA}.Debug|Any CPU.ActiveCfg = Debug|Any CPU
		{205B0BEB-482C-4097-AFDD-22A0C3D003BA}.Debug|Any CPU.Build.0 = Debug|Any CPU
		{205B0BEB-482C-4097-AFDD-22A0C3D003BA}.Release|Any CPU.ActiveCfg = Release|Any CPU
		{205B0BEB-482C-4097-AFDD-22A0C3D003BA}.Release|Any CPU.Build.0 = Release|Any CPU
		{AC149F2A-2428-4FEE-BA9D-31F054A704FF}.Debug|Any CPU.ActiveCfg = Debug|Any CPU
		{AC149F2A-2428-4FEE-BA9D-31F054A704FF}.Debug|Any CPU.Build.0 = Debug|Any CPU
		{AC149F2A-2428-4FEE-BA9D-31F054A704FF}.Release|Any CPU.ActiveCfg = Release|Any CPU
		{AC149F2A-2428-4FEE-BA9D-31F054A704FF}.Release|Any CPU.Build.0 = Release|Any CPU
		{F63E1481-505B-48FA-BAF6-18B7851E61D2}.Debug|Any CPU.ActiveCfg = Debug|Any CPU
		{F63E1481-505B-48FA-BAF6-18B7851E61D2}.Debug|Any CPU.Build.0 = Debug|Any CPU
		{F63E1481-505B-48FA-BAF6-18B7851E61D2}.Release|Any CPU.ActiveCfg = Release|Any CPU
		{F63E1481-505B-48FA-BAF6-18B7851E61D2}.Release|Any CPU.Build.0 = Release|Any CPU
		{64399311-DC7A-4388-A776-6071A13BCCA4}.Debug|Any CPU.ActiveCfg = Debug|Any CPU
		{64399311-DC7A-4388-A776-6071A13BCCA4}.Debug|Any CPU.Build.0 = Debug|Any CPU
		{64399311-DC7A-4388-A776-6071A13BCCA4}.Release|Any CPU.ActiveCfg = Release|Any CPU
		{64399311-DC7A-4388-A776-6071A13BCCA4}.Release|Any CPU.Build.0 = Release|Any CPU
	EndGlobalSection
	GlobalSection(SolutionProperties) = preSolution
		HideSolutionNode = FALSE
	EndGlobalSection
	GlobalSection(NestedProjects) = preSolution
		{ED040C2A-BF81-4149-A7F8-E386BDB16A6B} = {B5481974-A453-434A-B055-DA1A0A159563}
		{44289A73-77FE-4B2A-B15E-E38FA29C533F} = {B5481974-A453-434A-B055-DA1A0A159563}
		{7FF122EA-31B0-400C-AD44-B16540511B57} = {B5481974-A453-434A-B055-DA1A0A159563}
		{7AAEF14F-E877-4685-A298-B71E24E0E3D5} = {B5481974-A453-434A-B055-DA1A0A159563}
		{205B0BEB-482C-4097-AFDD-22A0C3D003BA} = {0F88B353-A1FC-4310-B3C0-1F9C91AD88CD}
		{AC149F2A-2428-4FEE-BA9D-31F054A704FF} = {0F88B353-A1FC-4310-B3C0-1F9C91AD88CD}
		{F63E1481-505B-48FA-BAF6-18B7851E61D2} = {B5481974-A453-434A-B055-DA1A0A159563}
		{64399311-DC7A-4388-A776-6071A13BCCA4} = {B9466E26-A334-45AE-866A-368E5F49D268}
	EndGlobalSection
EndGlobal
